{
	"name": "@echogarden/text-segmentation",
	"version": "0.5.0",
	"lockfileVersion": 3,
	"requires": true,
	"packages": {
		"": {
			"name": "@echogarden/text-segmentation",
			"version": "0.5.0",
			"license": "MIT",
			"dependencies": {
				"regexp-composer": "~0.3.0"
			},
			"devDependencies": {
				"@echogarden/icu-segmentation-wasm": "~0.3.0",
				"@types/node": "~26.1.1"
			},
			"peerDependencies": {
				"@echogarden/icu-segmentation-wasm": "~0.3.0"
			},
			"peerDependenciesMeta": {
				"@echogarden/icu-segmentation-wasm": {
					"optional": true
				}
			}
		},
		"../../regexp-composer": {
			"version": "0.3.0",
			"license": "MIT",
			"devDependencies": {
				"@types/node": "^25.3.5"
			}
		},
		"../../regexp-composer/node_modules/@types/node": {
			"version": "22.15.17",
			"dev": true,
			"license": "MIT",
			"dependencies": {
				"undici-types": "~6.21.0"
			}
		},
		"../../regexp-composer/node_modules/undici-types": {
			"version": "6.21.0",
			"dev": true,
			"license": "MIT"
		},
		"node_modules/@echogarden/icu-segmentation-wasm": {
			"version": "0.3.0",
			"resolved": "https://registry.npmjs.org/@echogarden/icu-segmentation-wasm/-/icu-segmentation-wasm-0.3.0.tgz",
			"integrity": "sha512-h4lp9kvrKYtFZudDj9aICb+5TI+kLL5tSraw+Hwe8BVUhUlXpfbhsqrXQqxFv5szFcjMO3EbOfZBA/GNyzWfVA==",
			"dev": true,
			"license": "MIT",
			"dependencies": {
				"wasm-heap-manager": "~0.3.0"
			}
		},
		"node_modules/@types/node": {
			"version": "26.1.1",
			"resolved": "https://registry.npmjs.org/@types/node/-/node-26.1.1.tgz",
			"integrity": "sha512-nxAkRSVkN1Y0JC1W8ky/fTfkGsMmcrRsbx+3XoZE+rMOX71kLYTV7fLXpqud1GpbpP5TuffXFqfX7fH2GgZREw==",
			"dev": true,
			"license": "MIT",
			"dependencies": {
				"undici-types": "~8.3.0"
			}
		},
		"node_modules/regexp-composer": {
			"resolved": "../../regexp-composer",
			"link": true
		},
		"node_modules/undici-types": {
			"version": "8.3.0",
			"resolved": "https://registry.npmjs.org/undici-types/-/undici-types-8.3.0.tgz",
			"integrity": "sha512-j375ScV60dom+YkPFIfTLcOiPxkN/buHz5GobjLhixFuANaNs3C9l4GmrWqejgXWJ7BbJcFYpTEUkS1Ge8bpZQ==",
			"dev": true,
			"license": "MIT"
		},
		"node_modules/wasm-heap-manager": {
			"version": "0.3.0",
			"resolved": "https://registry.npmjs.org/wasm-heap-manager/-/wasm-heap-manager-0.3.0.tgz",
			"integrity": "sha512-ig2saLhRBydXqmNuJS0cZsh5QGpoGjtuVuu4Jmw3Bxk6OwZZ5dF834pSo5yGajPMCnPGlfTZarZXcEa/vR2Z3w==",
			"dev": true,
			"license": "MIT",
			"engines": {
				"node": ">=18"
			}
		}
	}
}
